
Microsoft Visual Studio Solution File, Format Version 12.00
# Visual Studio 2013
VisualStudioVersion = 12.0.40629.0
MinimumVisualStudioVersion = 10.0.40219.1
Project("{FAE04EC0-301F-11D3-BF4B-00C04F79EFBC}") = "Sistema", "Sistema\Sistema.csproj", "{D2216979-E5DC-40BD-B2D6-CAC98E97D26E}"
EndProject
Project("{6141683F-8A12-4E36-9623-2EB02B2C2303}") = "Installer", "Installer\Installer.isproj", "{C065DF5A-9B51-4825-82F8-EBC948CA3C8C}"
	ProjectSection(ProjectDependencies) = postProject
		{D2216979-E5DC-40BD-B2D6-CAC98E97D26E} = {D2216979-E5DC-40BD-B2D6-CAC98E97D26E}
	EndProjectSection
EndProject
Global
	GlobalSection(SolutionConfigurationPlatforms) = preSolution
		CD_ROM|Any CPU = CD_ROM|Any CPU
		Debug|Any CPU = Debug|Any CPU
		DVD-5|Any CPU = DVD-5|Any CPU
		Release|Any CPU = Release|Any CPU
		SingleImage|Any CPU = SingleImage|Any CPU
	EndGlobalSection
	GlobalSection(ProjectConfigurationPlatforms) = postSolution
		{D2216979-E5DC-40BD-B2D6-CAC98E97D26E}.CD_ROM|Any CPU.ActiveCfg = Release|Any CPU
		{D2216979-E5DC-40BD-B2D6-CAC98E97D26E}.CD_ROM|Any CPU.Build.0 = Release|Any CPU
		{D2216979-E5DC-40BD-B2D6-CAC98E97D26E}.Debug|Any CPU.ActiveCfg = Debug|Any CPU
		{D2216979-E5DC-40BD-B2D6-CAC98E97D26E}.Debug|Any CPU.Build.0 = Debug|Any CPU
		{D2216979-E5DC-40BD-B2D6-CAC98E97D26E}.DVD-5|Any CPU.ActiveCfg = Debug|Any CPU
		{D2216979-E5DC-40BD-B2D6-CAC98E97D26E}.DVD-5|Any CPU.Build.0 = Debug|Any CPU
		{D2216979-E5DC-40BD-B2D6-CAC98E97D26E}.Release|Any CPU.ActiveCfg = Release|Any CPU
		{D2216979-E5DC-40BD-B2D6-CAC98E97D26E}.Release|Any CPU.Build.0 = Release|Any CPU
		{D2216979-E5DC-40BD-B2D6-CAC98E97D26E}.SingleImage|Any CPU.ActiveCfg = Release|Any CPU
		{D2216979-E5DC-40BD-B2D6-CAC98E97D26E}.SingleImage|Any CPU.Build.0 = Release|Any CPU
		{C065DF5A-9B51-4825-82F8-EBC948CA3C8C}.CD_ROM|Any CPU.ActiveCfg = CD_ROM
		{C065DF5A-9B51-4825-82F8-EBC948CA3C8C}.CD_ROM|Any CPU.Build.0 = CD_ROM
		{C065DF5A-9B51-4825-82F8-EBC948CA3C8C}.Debug|Any CPU.ActiveCfg = DVD-5
		{C065DF5A-9B51-4825-82F8-EBC948CA3C8C}.Debug|Any CPU.Build.0 = DVD-5
		{C065DF5A-9B51-4825-82F8-EBC948CA3C8C}.DVD-5|Any CPU.ActiveCfg = DVD-5
		{C065DF5A-9B51-4825-82F8-EBC948CA3C8C}.DVD-5|Any CPU.Build.0 = DVD-5
		{C065DF5A-9B51-4825-82F8-EBC948CA3C8C}.Release|Any CPU.ActiveCfg = SingleImage
		{C065DF5A-9B51-4825-82F8-EBC948CA3C8C}.Release|Any CPU.Build.0 = SingleImage
		{C065DF5A-9B51-4825-82F8-EBC948CA3C8C}.SingleImage|Any CPU.ActiveCfg = SingleImage
		{C065DF5A-9B51-4825-82F8-EBC948CA3C8C}.SingleImage|Any CPU.Build.0 = SingleImage
	EndGlobalSection
	GlobalSection(SolutionProperties) = preSolution
		HideSolutionNode = FALSE
	EndGlobalSection
EndGlobal
